
Microsoft Visual Studio Solution File, Format Version 12.00
# Visual Studio Version 16
VisualStudioVersion = 16.0.31313.79
MinimumVisualStudioVersion = 10.0.40219.1
Project("{FAE04EC0-301F-11D3-BF4B-00C04F79EFBC}") = "StockAccountManagement", "StockAccountManagement.csproj", "{0D41BAA7-A922-463D-95A6-12BAAEDD2184}"
EndProject
Global
	GlobalSection(SolutionConfigurationPlatforms) = preSolution
		Debug|Any CPU = Debug|Any CPU
		Release|Any CPU = Release|Any CPU
	EndGlobalSection
	GlobalSection(ProjectConfigurationPlatforms) = postSolution
		{0D41BAA7-A922-463D-95A6-12BAAEDD2184}.Debug|Any CPU.ActiveCfg = Debug|Any CPU
		{0D41BAA7-A922-463D-95A6-12BAAEDD2184}.Debug|Any CPU.Build.0 = Debug|Any CPU
		{0D41BAA7-A922-463D-95A6-12BAAEDD2184}.Release|Any CPU.ActiveCfg = Release|Any CPU
		{0D41BAA7-A922-463D-95A6-12BAAEDD2184}.Release|Any CPU.Build.0 = Release|Any CPU
	EndGlobalSection
	GlobalSection(SolutionProperties) = preSolution
		HideSolutionNode = FALSE
	EndGlobalSection
	GlobalSection(ExtensibilityGlobals) = postSolution
		SolutionGuid = {49BEBCA2-9004-4A8E-8305-ADF7312E0174}
	EndGlobalSection
EndGlobal
